// !$*UTF8*$!
{
	archiveVersion = 1;
	classes = {
	};
	objectVersion = 50;
	objects = {

/* Begin PBXBuildFile section */
		C959D58925A0404F0001CA1C /* Drawing.cpp in Sources */ = {isa = PBXBuildFile; fileRef = C959D57325A0404E0001CA1C /* Drawing.cpp */; };
		C959D58A25A0404F0001CA1C /* Input.cpp in Sources */ = {isa = PBXBuildFile; fileRef = C959D57425A0404E0001CA1C /* Input.cpp */; };
		C959D58B25A0404F0001CA1C /* Userdata.cpp in Sources */ = {isa = PBXBuildFile; fileRef = C959D57525A0404E0001CA1C /* Userdata.cpp */; };
		C959D58C25A0404F0001CA1C /* Player.cpp in Sources */ = {isa = PBXBuildFile; fileRef = C959D57625A0404E0001CA1C /* Player.cpp */; };
		C959D58D25A0404F0001CA1C /* Ini.cpp in Sources */ = {isa = PBXBuildFile; fileRef = C959D57725A0404E0001CA1C /* Ini.cpp */; };
		C959D58E25A0404F0001CA1C /* main.cpp in Sources */ = {isa = PBXBuildFile; fileRef = C959D57825A0404E0001CA1C /* main.cpp */; };
		C959D58F25A0404F0001CA1C /* Math.cpp in Sources */ = {isa = PBXBuildFile; fileRef = C959D57925A0404E0001CA1C /* Math.cpp */; };
		C959D59025A0404F0001CA1C /* Palette.cpp in Sources */ = {isa = PBXBuildFile; fileRef = C959D57A25A0404E0001CA1C /* Palette.cpp */; };
		C959D59125A0404F0001CA1C /* Object.cpp in Sources */ = {isa = PBXBuildFile; fileRef = C959D57B25A0404E0001CA1C /* Object.cpp */; };
		C959D59225A0404F0001CA1C /* String.cpp in Sources */ = {isa = PBXBuildFile; fileRef = C959D57C25A0404E0001CA1C /* String.cpp */; };
		C959D59325A0404F0001CA1C /* Collision.cpp in Sources */ = {isa = PBXBuildFile; fileRef = C959D57D25A0404E0001CA1C /* Collision.cpp */; };
		C959D59425A0404F0001CA1C /* RetroEngine.cpp in Sources */ = {isa = PBXBuildFile; fileRef = C959D57E25A0404E0001CA1C /* RetroEngine.cpp */; };
		C959D59525A0404F0001CA1C /* Audio.cpp in Sources */ = {isa = PBXBuildFile; fileRef = C959D57F25A0404E0001CA1C /* Audio.cpp */; };
		C959D59625A0404F0001CA1C /* Script.cpp in Sources */ = {isa = PBXBuildFile; fileRef = C959D58025A0404E0001CA1C /* Script.cpp */; };
		C959D59725A0404F0001CA1C /* Sprite.cpp in Sources */ = {isa = PBXBuildFile; fileRef = C959D58125A0404F0001CA1C /* Sprite.cpp */; };
		C959D59825A0404F0001CA1C /* Debug.cpp in Sources */ = {isa = PBXBuildFile; fileRef = C959D58225A0404F0001CA1C /* Debug.cpp */; };
		C959D59925A0404F0001CA1C /* Scene3D.cpp in Sources */ = {isa = PBXBuildFile; fileRef = C959D58325A0404F0001CA1C /* Scene3D.cpp */; };
		C959D59A25A0404F0001CA1C /* Animation.cpp in Sources */ = {isa = PBXBuildFile; fileRef = C959D58425A0404F0001CA1C /* Animation.cpp */; };
		C959D59B25A0404F0001CA1C /* Reader.cpp in Sources */ = {isa = PBXBuildFile; fileRef = C959D58525A0404F0001CA1C /* Reader.cpp */; };
		C959D59C25A0404F0001CA1C /* Text.cpp in Sources */ = {isa = PBXBuildFile; fileRef = C959D58625A0404F0001CA1C /* Text.cpp */; };
		C959D59D25A0404F0001CA1C /* Video.cpp in Sources */ = {isa = PBXBuildFile; fileRef = C959D58725A0404F0001CA1C /* Video.cpp */; };
		C959D59E25A0404F0001CA1C /* Scene.cpp in Sources */ = {isa = PBXBuildFile; fileRef = C959D58825A0404F0001CA1C /* Scene.cpp */; };
		C962193925898B0B00B47AB3 /* Assets.xcassets in Resources */ = {isa = PBXBuildFile; fileRef = C962193625898B0A00B47AB3 /* Assets.xcassets */; };
		C96219842589B10600B47AB3 /* SDL2.framework in Frameworks */ = {isa = PBXBuildFile; fileRef = C96219832589B10600B47AB3 /* SDL2.framework */; };
		C96219852589B10600B47AB3 /* SDL2.framework in Embed Frameworks */ = {isa = PBXBuildFile; fileRef = C96219832589B10600B47AB3 /* SDL2.framework */; settings = {ATTRIBUTES = (CodeSignOnCopy, RemoveHeadersOnCopy, ); }; };
		C96219912589B50100B47AB3 /* Ogg.framework in Frameworks */ = {isa = PBXBuildFile; fileRef = C96219902589B50100B47AB3 /* Ogg.framework */; };
		C96219922589B50100B47AB3 /* Ogg.framework in Embed Frameworks */ = {isa = PBXBuildFile; fileRef = C96219902589B50100B47AB3 /* Ogg.framework */; settings = {ATTRIBUTES = (CodeSignOnCopy, RemoveHeadersOnCopy, ); }; };
		C96219942589B51000B47AB3 /* Vorbis.framework in Frameworks */ = {isa = PBXBuildFile; fileRef = C96219932589B51000B47AB3 /* Vorbis.framework */; };
		C96219952589B51000B47AB3 /* Vorbis.framework in Embed Frameworks */ = {isa = PBXBuildFile; fileRef = C96219932589B51000B47AB3 /* Vorbis.framework */; settings = {ATTRIBUTES = (CodeSignOnCopy, RemoveHeadersOnCopy, ); }; };
		C96219972589B51E00B47AB3 /* Theora.framework in Frameworks */ = {isa = PBXBuildFile; fileRef = C96219962589B51E00B47AB3 /* Theora.framework */; };
		C96219982589B51E00B47AB3 /* Theora.framework in Embed Frameworks */ = {isa = PBXBuildFile; fileRef = C96219962589B51E00B47AB3 /* Theora.framework */; settings = {ATTRIBUTES = (CodeSignOnCopy, RemoveHeadersOnCopy, ); }; };
		C96219A02589B7AB00B47AB3 /* theoraplay.c in Sources */ = {isa = PBXBuildFile; fileRef = C962199F2589B7AB00B47AB3 /* theoraplay.c */; };
		C96219A5258C632A00B47AB3 /* cocoaHelpers.mm in Sources */ = {isa = PBXBuildFile; fileRef = C96219A4258C632A00B47AB3 /* cocoaHelpers.mm */; };
/* End PBXBuildFile section */

/* Begin PBXCopyFilesBuildPhase section */
		C96219862589B10600B47AB3 /* Embed Frameworks */ = {
			isa = PBXCopyFilesBuildPhase;
			buildActionMask = 2147483647;
			dstPath = "";
			dstSubfolderSpec = 10;
			files = (
				C96219922589B50100B47AB3 /* Ogg.framework in Embed Frameworks */,
				C96219852589B10600B47AB3 /* SDL2.framework in Embed Frameworks */,
				C96219952589B51000B47AB3 /* Vorbis.framework in Embed Frameworks */,
				C96219982589B51E00B47AB3 /* Theora.framework in Embed Frameworks */,
			);
			name = "Embed Frameworks";
			runOnlyForDeploymentPostprocessing = 0;
		};
/* End PBXCopyFilesBuildPhase section */

/* Begin PBXFileReference section */
		C959D57325A0404E0001CA1C /* Drawing.cpp */ = {isa = PBXFileReference; fileEncoding = 4; lastKnownFileType = sourcecode.cpp.cpp; name = Drawing.cpp; path = SonicCDDecomp/Drawing.cpp; sourceTree = SOURCE_ROOT; };
		C959D57425A0404E0001CA1C /* Input.cpp */ = {isa = PBXFileReference; fileEncoding = 4; lastKnownFileType = sourcecode.cpp.cpp; name = Input.cpp; path = SonicCDDecomp/Input.cpp; sourceTree = SOURCE_ROOT; };
		C959D57525A0404E0001CA1C /* Userdata.cpp */ = {isa = PBXFileReference; fileEncoding = 4; lastKnownFileType = sourcecode.cpp.cpp; name = Userdata.cpp; path = SonicCDDecomp/Userdata.cpp; sourceTree = SOURCE_ROOT; };
		C959D57625A0404E0001CA1C /* Player.cpp */ = {isa = PBXFileReference; fileEncoding = 4; lastKnownFileType = sourcecode.cpp.cpp; name = Player.cpp; path = SonicCDDecomp/Player.cpp; sourceTree = SOURCE_ROOT; };
		C959D57725A0404E0001CA1C /* Ini.cpp */ = {isa = PBXFileReference; fileEncoding = 4; lastKnownFileType = sourcecode.cpp.cpp; name = Ini.cpp; path = SonicCDDecomp/Ini.cpp; sourceTree = SOURCE_ROOT; };
		C959D57825A0404E0001CA1C /* main.cpp */ = {isa = PBXFileReference; fileEncoding = 4; lastKnownFileType = sourcecode.cpp.cpp; name = main.cpp; path = SonicCDDecomp/main.cpp; sourceTree = SOURCE_ROOT; };
		C959D57925A0404E0001CA1C /* Math.cpp */ = {isa = PBXFileReference; fileEncoding = 4; lastKnownFileType = sourcecode.cpp.cpp; name = Math.cpp; path = SonicCDDecomp/Math.cpp; sourceTree = SOURCE_ROOT; };
		C959D57A25A0404E0001CA1C /* Palette.cpp */ = {isa = PBXFileReference; fileEncoding = 4; lastKnownFileType = sourcecode.cpp.cpp; name = Palette.cpp; path = SonicCDDecomp/Palette.cpp; sourceTree = SOURCE_ROOT; };
		C959D57B25A0404E0001CA1C /* Object.cpp */ = {isa = PBXFileReference; fileEncoding = 4; lastKnownFileType = sourcecode.cpp.cpp; name = Object.cpp; path = SonicCDDecomp/Object.cpp; sourceTree = SOURCE_ROOT; };
		C959D57C25A0404E0001CA1C /* String.cpp */ = {isa = PBXFileReference; fileEncoding = 4; lastKnownFileType = sourcecode.cpp.cpp; name = String.cpp; path = SonicCDDecomp/String.cpp; sourceTree = SOURCE_ROOT; };
		C959D57D25A0404E0001CA1C /* Collision.cpp */ = {isa = PBXFileReference; fileEncoding = 4; lastKnownFileType = sourcecode.cpp.cpp; name = Collision.cpp; path = SonicCDDecomp/Collision.cpp; sourceTree = SOURCE_ROOT; };
		C959D57E25A0404E0001CA1C /* RetroEngine.cpp */ = {isa = PBXFileReference; fileEncoding = 4; lastKnownFileType = sourcecode.cpp.cpp; name = RetroEngine.cpp; path = SonicCDDecomp/RetroEngine.cpp; sourceTree = SOURCE_ROOT; };
		C959D57F25A0404E0001CA1C /* Audio.cpp */ = {isa = PBXFileReference; fileEncoding = 4; lastKnownFileType = sourcecode.cpp.cpp; name = Audio.cpp; path = SonicCDDecomp/Audio.cpp; sourceTree = SOURCE_ROOT; };
		C959D58025A0404E0001CA1C /* Script.cpp */ = {isa = PBXFileReference; fileEncoding = 4; lastKnownFileType = sourcecode.cpp.cpp; name = Script.cpp; path = SonicCDDecomp/Script.cpp; sourceTree = SOURCE_ROOT; };
		C959D58125A0404F0001CA1C /* Sprite.cpp */ = {isa = PBXFileReference; fileEncoding = 4; lastKnownFileType = sourcecode.cpp.cpp; name = Sprite.cpp; path = SonicCDDecomp/Sprite.cpp; sourceTree = SOURCE_ROOT; };
		C959D58225A0404F0001CA1C /* Debug.cpp */ = {isa = PBXFileReference; fileEncoding = 4; lastKnownFileType = sourcecode.cpp.cpp; name = Debug.cpp; path = SonicCDDecomp/Debug.cpp; sourceTree = SOURCE_ROOT; };
		C959D58325A0404F0001CA1C /* Scene3D.cpp */ = {isa = PBXFileReference; fileEncoding = 4; lastKnownFileType = sourcecode.cpp.cpp; name = Scene3D.cpp; path = SonicCDDecomp/Scene3D.cpp; sourceTree = SOURCE_ROOT; };
		C959D58425A0404F0001CA1C /* Animation.cpp */ = {isa = PBXFileReference; fileEncoding = 4; lastKnownFileType = sourcecode.cpp.cpp; name = Animation.cpp; path = SonicCDDecomp/Animation.cpp; sourceTree = SOURCE_ROOT; };
		C959D58525A0404F0001CA1C /* Reader.cpp */ = {isa = PBXFileReference; fileEncoding = 4; lastKnownFileType = sourcecode.cpp.cpp; name = Reader.cpp; path = SonicCDDecomp/Reader.cpp; sourceTree = SOURCE_ROOT; };
		C959D58625A0404F0001CA1C /* Text.cpp */ = {isa = PBXFileReference; fileEncoding = 4; lastKnownFileType = sourcecode.cpp.cpp; name = Text.cpp; path = SonicCDDecomp/Text.cpp; sourceTree = SOURCE_ROOT; };
		C959D58725A0404F0001CA1C /* Video.cpp */ = {isa = PBXFileReference; fileEncoding = 4; lastKnownFileType = sourcecode.cpp.cpp; name = Video.cpp; path = SonicCDDecomp/Video.cpp; sourceTree = SOURCE_ROOT; };
		C959D58825A0404F0001CA1C /* Scene.cpp */ = {isa = PBXFileReference; fileEncoding = 4; lastKnownFileType = sourcecode.cpp.cpp; name = Scene.cpp; path = SonicCDDecomp/Scene.cpp; sourceTree = SOURCE_ROOT; };
		C962191925898A9300B47AB3 /* RSDKv3.app */ = {isa = PBXFileReference; explicitFileType = wrapper.application; includeInIndex = 0; path = "RSDKv3.app"; sourceTree = BUILT_PRODUCTS_DIR; };
		C962193625898B0A00B47AB3 /* Assets.xcassets */ = {isa = PBXFileReference; lastKnownFileType = folder.assetcatalog; name = Assets.xcassets; path = dependencies/mac/Assets.xcassets; sourceTree = SOURCE_ROOT; };
		C962194125898BCD00B47AB3 /* Text.hpp */ = {isa = PBXFileReference; fileEncoding = 4; lastKnownFileType = sourcecode.cpp.h; name = Text.hpp; path = SonicCDDecomp/Text.hpp; sourceTree = SOURCE_ROOT; };
		C962194225898BCD00B47AB3 /* Script.hpp */ = {isa = PBXFileReference; fileEncoding = 4; lastKnownFileType = sourcecode.cpp.h; name = Script.hpp; path = SonicCDDecomp/Script.hpp; sourceTree = SOURCE_ROOT; };
		C962194325898BCD00B47AB3 /* Audio.hpp */ = {isa = PBXFileReference; fileEncoding = 4; lastKnownFileType = sourcecode.cpp.h; name = Audio.hpp; path = SonicCDDecomp/Audio.hpp; sourceTree = SOURCE_ROOT; };
		C962194425898BCD00B47AB3 /* Input.hpp */ = {isa = PBXFileReference; fileEncoding = 4; lastKnownFileType = sourcecode.cpp.h; name = Input.hpp; path = SonicCDDecomp/Input.hpp; sourceTree = SOURCE_ROOT; };
		C962194525898BCD00B47AB3 /* Ini.hpp */ = {isa = PBXFileReference; fileEncoding = 4; lastKnownFileType = sourcecode.cpp.h; name = Ini.hpp; path = SonicCDDecomp/Ini.hpp; sourceTree = SOURCE_ROOT; };
		C962194625898BCD00B47AB3 /* Collision.hpp */ = {isa = PBXFileReference; fileEncoding = 4; lastKnownFileType = sourcecode.cpp.h; name = Collision.hpp; path = SonicCDDecomp/Collision.hpp; sourceTree = SOURCE_ROOT; };
		C962194725898BCD00B47AB3 /* RetroEngine.hpp */ = {isa = PBXFileReference; fileEncoding = 4; lastKnownFileType = sourcecode.cpp.h; name = RetroEngine.hpp; path = SonicCDDecomp/RetroEngine.hpp; sourceTree = SOURCE_ROOT; };
		C962194825898BCD00B47AB3 /* Sprite.hpp */ = {isa = PBXFileReference; fileEncoding = 4; lastKnownFileType = sourcecode.cpp.h; name = Sprite.hpp; path = SonicCDDecomp/Sprite.hpp; sourceTree = SOURCE_ROOT; };
		C962194925898BCD00B47AB3 /* Player.hpp */ = {isa = PBXFileReference; fileEncoding = 4; lastKnownFileType = sourcecode.cpp.h; name = Player.hpp; path = SonicCDDecomp/Player.hpp; sourceTree = SOURCE_ROOT; };
		C962194A25898BCD00B47AB3 /* Palette.hpp */ = {isa = PBXFileReference; fileEncoding = 4; lastKnownFileType = sourcecode.cpp.h; name = Palette.hpp; path = SonicCDDecomp/Palette.hpp; sourceTree = SOURCE_ROOT; };
		C962194B25898BCD00B47AB3 /* String.hpp */ = {isa = PBXFileReference; fileEncoding = 4; lastKnownFileType = sourcecode.cpp.h; name = String.hpp; path = SonicCDDecomp/String.hpp; sourceTree = SOURCE_ROOT; };
		C962194C25898BCD00B47AB3 /* Scene.hpp */ = {isa = PBXFileReference; fileEncoding = 4; lastKnownFileType = sourcecode.cpp.h; name = Scene.hpp; path = SonicCDDecomp/Scene.hpp; sourceTree = SOURCE_ROOT; };
		C962194D25898BCD00B47AB3 /* Userdata.hpp */ = {isa = PBXFileReference; fileEncoding = 4; lastKnownFileType = sourcecode.cpp.h; name = Userdata.hpp; path = SonicCDDecomp/Userdata.hpp; sourceTree = SOURCE_ROOT; };
		C962194E25898BCD00B47AB3 /* Debug.hpp */ = {isa = PBXFileReference; fileEncoding = 4; lastKnownFileType = sourcecode.cpp.h; name = Debug.hpp; path = SonicCDDecomp/Debug.hpp; sourceTree = SOURCE_ROOT; };
		C962194F25898BCD00B47AB3 /* Drawing.hpp */ = {isa = PBXFileReference; fileEncoding = 4; lastKnownFileType = sourcecode.cpp.h; name = Drawing.hpp; path = SonicCDDecomp/Drawing.hpp; sourceTree = SOURCE_ROOT; };
		C962195025898BCD00B47AB3 /* Object.hpp */ = {isa = PBXFileReference; fileEncoding = 4; lastKnownFileType = sourcecode.cpp.h; name = Object.hpp; path = SonicCDDecomp/Object.hpp; sourceTree = SOURCE_ROOT; };
		C962195125898BCD00B47AB3 /* Scene3D.hpp */ = {isa = PBXFileReference; fileEncoding = 4; lastKnownFileType = sourcecode.cpp.h; name = Scene3D.hpp; path = SonicCDDecomp/Scene3D.hpp; sourceTree = SOURCE_ROOT; };
		C962195225898BCD00B47AB3 /* Reader.hpp */ = {isa = PBXFileReference; fileEncoding = 4; lastKnownFileType = sourcecode.cpp.h; name = Reader.hpp; path = SonicCDDecomp/Reader.hpp; sourceTree = SOURCE_ROOT; };
		C962195325898BCE00B47AB3 /* Video.hpp */ = {isa = PBXFileReference; fileEncoding = 4; lastKnownFileType = sourcecode.cpp.h; name = Video.hpp; path = SonicCDDecomp/Video.hpp; sourceTree = SOURCE_ROOT; };
		C962195425898BCE00B47AB3 /* Math.hpp */ = {isa = PBXFileReference; fileEncoding = 4; lastKnownFileType = sourcecode.cpp.h; name = Math.hpp; path = SonicCDDecomp/Math.hpp; sourceTree = SOURCE_ROOT; };
		C962195525898BCE00B47AB3 /* Animation.hpp */ = {isa = PBXFileReference; fileEncoding = 4; lastKnownFileType = sourcecode.cpp.h; name = Animation.hpp; path = SonicCDDecomp/Animation.hpp; sourceTree = SOURCE_ROOT; };
		C96219832589B10600B47AB3 /* SDL2.framework */ = {isa = PBXFileReference; lastKnownFileType = wrapper.framework; name = SDL2.framework; path = dependencies/mac/SDL2.framework; sourceTree = "<group>"; };
		C96219892589B3D900B47AB3 /* Ogg.framework */ = {isa = PBXFileReference; lastKnownFileType = wrapper.framework; name = Ogg.framework; path = dependencies/mac/ogg/macosx/Ogg.framework; sourceTree = "<group>"; };
		C962198C2589B3EF00B47AB3 /* Vorbis.framework */ = {isa = PBXFileReference; lastKnownFileType = wrapper.framework; name = Vorbis.framework; path = "dependencies/mac/libvorbis-1.3.7/macosx/Vorbis.framework"; sourceTree = "<group>"; };
		C96219902589B50100B47AB3 /* Ogg.framework */ = {isa = PBXFileReference; lastKnownFileType = wrapper.framework; name = Ogg.framework; path = dependencies/mac/libogg/macosx/Ogg.framework; sourceTree = "<group>"; };
		C96219932589B51000B47AB3 /* Vorbis.framework */ = {isa = PBXFileReference; lastKnownFileType = wrapper.framework; name = Vorbis.framework; path = dependencies/mac/libvorbis/macosx/Vorbis.framework; sourceTree = "<group>"; };
		C96219962589B51E00B47AB3 /* Theora.framework */ = {isa = PBXFileReference; lastKnownFileType = wrapper.framework; name = Theora.framework; path = dependencies/mac/libtheora/macosx/Theora.framework; sourceTree = "<group>"; };
		C962199A2589B57300B47AB3 /* theoraplay_cvtrgb.h */ = {isa = PBXFileReference; fileEncoding = 4; lastKnownFileType = sourcecode.c.h; name = theoraplay_cvtrgb.h; path = dependencies/all/theoraplay/theoraplay_cvtrgb.h; sourceTree = SOURCE_ROOT; };
		C962199B2589B57300B47AB3 /* theoraplay.h */ = {isa = PBXFileReference; fileEncoding = 4; lastKnownFileType = sourcecode.c.h; name = theoraplay.h; path = dependencies/all/theoraplay/theoraplay.h; sourceTree = SOURCE_ROOT; };
		C962199F2589B7AB00B47AB3 /* theoraplay.c */ = {isa = PBXFileReference; fileEncoding = 4; lastKnownFileType = sourcecode.c.c; name = theoraplay.c; path = dependencies/all/theoraplay/theoraplay.c; sourceTree = SOURCE_ROOT; };
		C96219A3258C632200B47AB3 /* cocoaHelpers.hpp */ = {isa = PBXFileReference; fileEncoding = 4; lastKnownFileType = sourcecode.cpp.h; name = cocoaHelpers.hpp; path = dependencies/mac/cocoaHelpers.hpp; sourceTree = SOURCE_ROOT; };
		C96219A4258C632A00B47AB3 /* cocoaHelpers.mm */ = {isa = PBXFileReference; fileEncoding = 4; lastKnownFileType = sourcecode.cpp.objcpp; name = cocoaHelpers.mm; path = dependencies/mac/cocoaHelpers.mm; sourceTree = SOURCE_ROOT; };
/* End PBXFileReference section */

/* Begin PBXFrameworksBuildPhase section */
		C962191625898A9300B47AB3 /* Frameworks */ = {
			isa = PBXFrameworksBuildPhase;
			buildActionMask = 2147483647;
			files = (
				C96219912589B50100B47AB3 /* Ogg.framework in Frameworks */,
				C96219842589B10600B47AB3 /* SDL2.framework in Frameworks */,
				C96219942589B51000B47AB3 /* Vorbis.framework in Frameworks */,
				C96219972589B51E00B47AB3 /* Theora.framework in Frameworks */,
			);
			runOnlyForDeploymentPostprocessing = 0;
		};
/* End PBXFrameworksBuildPhase section */

/* Begin PBXGroup section */
		C962191025898A9300B47AB3 = {
			isa = PBXGroup;
			children = (
				C962191B25898A9300B47AB3 /* RSDKv3 */,
				C962191A25898A9300B47AB3 /* Products */,
				C96219822589B10600B47AB3 /* Frameworks */,
			);
			sourceTree = "<group>";
		};
		C962191A25898A9300B47AB3 /* Products */ = {
			isa = PBXGroup;
			children = (
				C962191925898A9300B47AB3 /* RSDKv3.app */,
			);
			name = Products;
			sourceTree = "<group>";
		};
		C962191B25898A9300B47AB3 /* RSDKv3 */ = {
			isa = PBXGroup;
			children = (
				C962194025898B6E00B47AB3 /* Header Files */,
				C962193F25898B6700B47AB3 /* Source Files */,
				C962193625898B0A00B47AB3 /* Assets.xcassets */,
			);
			path = "RSDKv3";
			sourceTree = "<group>";
		};
		C962193F25898B6700B47AB3 /* Source Files */ = {
			isa = PBXGroup;
			children = (
				C959D58425A0404F0001CA1C /* Animation.cpp */,
				C959D57F25A0404E0001CA1C /* Audio.cpp */,
				C959D57D25A0404E0001CA1C /* Collision.cpp */,
				C959D58225A0404F0001CA1C /* Debug.cpp */,
				C959D57325A0404E0001CA1C /* Drawing.cpp */,
				C959D57725A0404E0001CA1C /* Ini.cpp */,
				C959D57425A0404E0001CA1C /* Input.cpp */,
				C959D57825A0404E0001CA1C /* main.cpp */,
				C959D57925A0404E0001CA1C /* Math.cpp */,
				C959D57B25A0404E0001CA1C /* Object.cpp */,
				C959D57A25A0404E0001CA1C /* Palette.cpp */,
				C959D57625A0404E0001CA1C /* Player.cpp */,
				C959D58525A0404F0001CA1C /* Reader.cpp */,
				C959D57E25A0404E0001CA1C /* RetroEngine.cpp */,
				C959D58825A0404F0001CA1C /* Scene.cpp */,
				C959D58325A0404F0001CA1C /* Scene3D.cpp */,
				C959D58025A0404E0001CA1C /* Script.cpp */,
				C959D58125A0404F0001CA1C /* Sprite.cpp */,
				C959D57C25A0404E0001CA1C /* String.cpp */,
				C959D58625A0404F0001CA1C /* Text.cpp */,
				C959D57525A0404E0001CA1C /* Userdata.cpp */,
				C959D58725A0404F0001CA1C /* Video.cpp */,
				C96219A2258C631100B47AB3 /* helpers */,
				C962199E2589B6A600B47AB3 /* theoraPlay */,
			);
			name = "Source Files";
			sourceTree = "<group>";
		};
		C962194025898B6E00B47AB3 /* Header Files */ = {
			isa = PBXGroup;
			children = (
				C96219A1258C62FF00B47AB3 /* helpers */,
				C96219992589B55F00B47AB3 /* theoraPlay */,
				C962195525898BCE00B47AB3 /* Animation.hpp */,
				C962194325898BCD00B47AB3 /* Audio.hpp */,
				C962194625898BCD00B47AB3 /* Collision.hpp */,
				C962194E25898BCD00B47AB3 /* Debug.hpp */,
				C962194F25898BCD00B47AB3 /* Drawing.hpp */,
				C962194525898BCD00B47AB3 /* Ini.hpp */,
				C962194425898BCD00B47AB3 /* Input.hpp */,
				C962195425898BCE00B47AB3 /* Math.hpp */,
				C962195025898BCD00B47AB3 /* Object.hpp */,
				C962194A25898BCD00B47AB3 /* Palette.hpp */,
				C962194925898BCD00B47AB3 /* Player.hpp */,
				C962195225898BCD00B47AB3 /* Reader.hpp */,
				C962194725898BCD00B47AB3 /* RetroEngine.hpp */,
				C962194C25898BCD00B47AB3 /* Scene.hpp */,
				C962195125898BCD00B47AB3 /* Scene3D.hpp */,
				C962194225898BCD00B47AB3 /* Script.hpp */,
				C962194825898BCD00B47AB3 /* Sprite.hpp */,
				C962194B25898BCD00B47AB3 /* String.hpp */,
				C962194125898BCD00B47AB3 /* Text.hpp */,
				C962194D25898BCD00B47AB3 /* Userdata.hpp */,
				C962195325898BCE00B47AB3 /* Video.hpp */,
			);
			name = "Header Files";
			sourceTree = "<group>";
		};
		C96219822589B10600B47AB3 /* Frameworks */ = {
			isa = PBXGroup;
			children = (
				C96219962589B51E00B47AB3 /* Theora.framework */,
				C96219932589B51000B47AB3 /* Vorbis.framework */,
				C96219902589B50100B47AB3 /* Ogg.framework */,
				C962198C2589B3EF00B47AB3 /* Vorbis.framework */,
				C96219892589B3D900B47AB3 /* Ogg.framework */,
				C96219832589B10600B47AB3 /* SDL2.framework */,
			);
			name = Frameworks;
			sourceTree = "<group>";
		};
		C96219992589B55F00B47AB3 /* theoraPlay */ = {
			isa = PBXGroup;
			children = (
				C962199A2589B57300B47AB3 /* theoraplay_cvtrgb.h */,
				C962199B2589B57300B47AB3 /* theoraplay.h */,
			);
			name = theoraPlay;
			sourceTree = "<group>";
		};
		C962199E2589B6A600B47AB3 /* theoraPlay */ = {
			isa = PBXGroup;
			children = (
				C962199F2589B7AB00B47AB3 /* theoraplay.c */,
			);
			name = theoraPlay;
			sourceTree = "<group>";
		};
		C96219A1258C62FF00B47AB3 /* helpers */ = {
			isa = PBXGroup;
			children = (
				C96219A3258C632200B47AB3 /* cocoaHelpers.hpp */,
			);
			name = helpers;
			sourceTree = "<group>";
		};
		C96219A2258C631100B47AB3 /* helpers */ = {
			isa = PBXGroup;
			children = (
				C96219A4258C632A00B47AB3 /* cocoaHelpers.mm */,
			);
			name = helpers;
			sourceTree = "<group>";
		};
/* End PBXGroup section */

/* Begin PBXNativeTarget section */
		C962191825898A9300B47AB3 /* RSDKv3 */ = {
			isa = PBXNativeTarget;
			buildConfigurationList = C962193325898A9400B47AB3 /* Build configuration list for PBXNativeTarget "RSDKv3" */;
			buildPhases = (
				C962191525898A9300B47AB3 /* Sources */,
				C962191625898A9300B47AB3 /* Frameworks */,
				C962191725898A9300B47AB3 /* Resources */,
				C96219862589B10600B47AB3 /* Embed Frameworks */,
			);
			buildRules = (
			);
			dependencies = (
			);
			name = "RSDKv3";
			productName = "RSDKv3";
			productReference = C962191925898A9300B47AB3 /* RSDKv3.app */;
			productType = "com.apple.product-type.application";
		};
/* End PBXNativeTarget section */

/* Begin PBXProject section */
		C962191125898A9300B47AB3 /* Project object */ = {
			isa = PBXProject;
			attributes = {
				LastUpgradeCheck = 1160;
				ORGANIZATIONNAME = Rubberduckycooly;
				TargetAttributes = {
					C962191825898A9300B47AB3 = {
						CreatedOnToolsVersion = 11.6;
					};
				};
			};
			buildConfigurationList = C962191425898A9300B47AB3 /* Build configuration list for PBXProject "RSDKv3" */;
			compatibilityVersion = "Xcode 9.3";
			developmentRegion = en;
			hasScannedForEncodings = 0;
			knownRegions = (
				en,
				Base,
			);
			mainGroup = C962191025898A9300B47AB3;
			productRefGroup = C962191A25898A9300B47AB3 /* Products */;
			projectDirPath = "";
			projectRoot = "";
			targets = (
				C962191825898A9300B47AB3 /* RSDKv3 */,
			);
		};
/* End PBXProject section */

/* Begin PBXResourcesBuildPhase section */
		C962191725898A9300B47AB3 /* Resources */ = {
			isa = PBXResourcesBuildPhase;
			buildActionMask = 2147483647;
			files = (
				C962193925898B0B00B47AB3 /* Assets.xcassets in Resources */,
			);
			runOnlyForDeploymentPostprocessing = 0;
		};
/* End PBXResourcesBuildPhase section */

/* Begin PBXSourcesBuildPhase section */
		C962191525898A9300B47AB3 /* Sources */ = {
			isa = PBXSourcesBuildPhase;
			buildActionMask = 2147483647;
			files = (
				C959D59E25A0404F0001CA1C /* Scene.cpp in Sources */,
				C959D59625A0404F0001CA1C /* Script.cpp in Sources */,
				C959D59325A0404F0001CA1C /* Collision.cpp in Sources */,
				C959D58F25A0404F0001CA1C /* Math.cpp in Sources */,
				C96219A02589B7AB00B47AB3 /* theoraplay.c in Sources */,
				C959D59C25A0404F0001CA1C /* Text.cpp in Sources */,
				C959D59925A0404F0001CA1C /* Scene3D.cpp in Sources */,
				C959D59125A0404F0001CA1C /* Object.cpp in Sources */,
				C959D59825A0404F0001CA1C /* Debug.cpp in Sources */,
				C959D58925A0404F0001CA1C /* Drawing.cpp in Sources */,
				C959D58C25A0404F0001CA1C /* Player.cpp in Sources */,
				C959D58A25A0404F0001CA1C /* Input.cpp in Sources */,
				C959D59025A0404F0001CA1C /* Palette.cpp in Sources */,
				C959D58B25A0404F0001CA1C /* Userdata.cpp in Sources */,
				C959D58D25A0404F0001CA1C /* Ini.cpp in Sources */,
				C959D59D25A0404F0001CA1C /* Video.cpp in Sources */,
				C959D59425A0404F0001CA1C /* RetroEngine.cpp in Sources */,
				C959D59A25A0404F0001CA1C /* Animation.cpp in Sources */,
				C959D59725A0404F0001CA1C /* Sprite.cpp in Sources */,
				C959D58E25A0404F0001CA1C /* main.cpp in Sources */,
				C959D59225A0404F0001CA1C /* String.cpp in Sources */,
				C96219A5258C632A00B47AB3 /* cocoaHelpers.mm in Sources */,
				C959D59B25A0404F0001CA1C /* Reader.cpp in Sources */,
				C959D59525A0404F0001CA1C /* Audio.cpp in Sources */,
			);
			runOnlyForDeploymentPostprocessing = 0;
		};
/* End PBXSourcesBuildPhase section */

/* Begin XCBuildConfiguration section */
		C962193125898A9400B47AB3 /* Debug */ = {
			isa = XCBuildConfiguration;
			buildSettings = {
				ALWAYS_SEARCH_USER_PATHS = NO;
				CLANG_ANALYZER_NONNULL = YES;
				CLANG_ANALYZER_NUMBER_OBJECT_CONVERSION = YES_AGGRESSIVE;
				CLANG_CXX_LANGUAGE_STANDARD = "gnu++14";
				CLANG_CXX_LIBRARY = "libc++";
				CLANG_ENABLE_MODULES = YES;
				CLANG_ENABLE_OBJC_ARC = YES;
				CLANG_ENABLE_OBJC_WEAK = YES;
				CLANG_WARN_BLOCK_CAPTURE_AUTORELEASING = YES;
				CLANG_WARN_BOOL_CONVERSION = YES;
				CLANG_WARN_COMMA = YES;
				CLANG_WARN_CONSTANT_CONVERSION = YES;
				CLANG_WARN_DEPRECATED_OBJC_IMPLEMENTATIONS = YES;
				CLANG_WARN_DIRECT_OBJC_ISA_USAGE = YES_ERROR;
				CLANG_WARN_DOCUMENTATION_COMMENTS = YES;
				CLANG_WARN_EMPTY_BODY = YES;
				CLANG_WARN_ENUM_CONVERSION = YES;
				CLANG_WARN_INFINITE_RECURSION = YES;
				CLANG_WARN_INT_CONVERSION = YES;
				CLANG_WARN_NON_LITERAL_NULL_CONVERSION = YES;
				CLANG_WARN_OBJC_IMPLICIT_RETAIN_SELF = YES;
				CLANG_WARN_OBJC_LITERAL_CONVERSION = YES;
				CLANG_WARN_OBJC_ROOT_CLASS = YES_ERROR;
				CLANG_WARN_RANGE_LOOP_ANALYSIS = YES;
				CLANG_WARN_STRICT_PROTOTYPES = YES;
				CLANG_WARN_SUSPICIOUS_MOVE = YES;
				CLANG_WARN_UNGUARDED_AVAILABILITY = YES_AGGRESSIVE;
				CLANG_WARN_UNREACHABLE_CODE = YES;
				CLANG_WARN__DUPLICATE_METHOD_MATCH = YES;
				COPY_PHASE_STRIP = NO;
				DEBUG_INFORMATION_FORMAT = dwarf;
				ENABLE_STRICT_OBJC_MSGSEND = YES;
				ENABLE_TESTABILITY = YES;
				GCC_C_LANGUAGE_STANDARD = gnu11;
				GCC_DYNAMIC_NO_PIC = NO;
				GCC_NO_COMMON_BLOCKS = YES;
				GCC_OPTIMIZATION_LEVEL = 0;
				GCC_PREPROCESSOR_DEFINITIONS = (
					"DEBUG=1",
					"$(inherited)",
				);
				GCC_WARN_64_TO_32_BIT_CONVERSION = YES;
				GCC_WARN_ABOUT_RETURN_TYPE = YES_ERROR;
				GCC_WARN_UNDECLARED_SELECTOR = YES;
				GCC_WARN_UNINITIALIZED_AUTOS = YES_AGGRESSIVE;
				GCC_WARN_UNUSED_FUNCTION = YES;
				GCC_WARN_UNUSED_VARIABLE = YES;
				INFOPLIST_FILE = "$(SRCROOT)/dependencies/mac/Info.plist";
				MACOSX_DEPLOYMENT_TARGET = 10.11;
				MTL_ENABLE_DEBUG_INFO = INCLUDE_SOURCE;
				MTL_FAST_MATH = YES;
				ONLY_ACTIVE_ARCH = YES;
				SDKROOT = macosx;
			};
			name = Debug;
		};
		C962193225898A9400B47AB3 /* Release */ = {
			isa = XCBuildConfiguration;
			buildSettings = {
				ALWAYS_SEARCH_USER_PATHS = NO;
				CLANG_ANALYZER_NONNULL = YES;
				CLANG_ANALYZER_NUMBER_OBJECT_CONVERSION = YES_AGGRESSIVE;
				CLANG_CXX_LANGUAGE_STANDARD = "gnu++14";
				CLANG_CXX_LIBRARY = "libc++";
				CLANG_ENABLE_MODULES = YES;
				CLANG_ENABLE_OBJC_ARC = YES;
				CLANG_ENABLE_OBJC_WEAK = YES;
				CLANG_WARN_BLOCK_CAPTURE_AUTORELEASING = YES;
				CLANG_WARN_BOOL_CONVERSION = YES;
				CLANG_WARN_COMMA = YES;
				CLANG_WARN_CONSTANT_CONVERSION = YES;
				CLANG_WARN_DEPRECATED_OBJC_IMPLEMENTATIONS = YES;
				CLANG_WARN_DIRECT_OBJC_ISA_USAGE = YES_ERROR;
				CLANG_WARN_DOCUMENTATION_COMMENTS = YES;
				CLANG_WARN_EMPTY_BODY = YES;
				CLANG_WARN_ENUM_CONVERSION = YES;
				CLANG_WARN_INFINITE_RECURSION = YES;
				CLANG_WARN_INT_CONVERSION = YES;
				CLANG_WARN_NON_LITERAL_NULL_CONVERSION = YES;
				CLANG_WARN_OBJC_IMPLICIT_RETAIN_SELF = YES;
				CLANG_WARN_OBJC_LITERAL_CONVERSION = YES;
				CLANG_WARN_OBJC_ROOT_CLASS = YES_ERROR;
				CLANG_WARN_RANGE_LOOP_ANALYSIS = YES;
				CLANG_WARN_STRICT_PROTOTYPES = YES;
				CLANG_WARN_SUSPICIOUS_MOVE = YES;
				CLANG_WARN_UNGUARDED_AVAILABILITY = YES_AGGRESSIVE;
				CLANG_WARN_UNREACHABLE_CODE = YES;
				CLANG_WARN__DUPLICATE_METHOD_MATCH = YES;
				COPY_PHASE_STRIP = NO;
				DEBUG_INFORMATION_FORMAT = "dwarf-with-dsym";
				ENABLE_NS_ASSERTIONS = NO;
				ENABLE_STRICT_OBJC_MSGSEND = YES;
				GCC_C_LANGUAGE_STANDARD = gnu11;
				GCC_NO_COMMON_BLOCKS = YES;
				GCC_WARN_64_TO_32_BIT_CONVERSION = YES;
				GCC_WARN_ABOUT_RETURN_TYPE = YES_ERROR;
				GCC_WARN_UNDECLARED_SELECTOR = YES;
				GCC_WARN_UNINITIALIZED_AUTOS = YES_AGGRESSIVE;
				GCC_WARN_UNUSED_FUNCTION = YES;
				GCC_WARN_UNUSED_VARIABLE = YES;
				INFOPLIST_FILE = "$(SRCROOT)/dependencies/mac/Info.plist";
				MACOSX_DEPLOYMENT_TARGET = 10.11;
				MTL_ENABLE_DEBUG_INFO = NO;
				MTL_FAST_MATH = YES;
				SDKROOT = macosx;
			};
			name = Release;
		};
		C962193425898A9400B47AB3 /* Debug */ = {
			isa = XCBuildConfiguration;
			buildSettings = {
				ASSETCATALOG_COMPILER_APPICON_NAME = AppIcon;
				CODE_SIGN_ENTITLEMENTS = "$(SRCROOT)/dependencies/mac/Sonic_CD.entitlements";
				CODE_SIGN_IDENTITY = "-";
				CODE_SIGN_STYLE = Automatic;
				COMBINE_HIDPI_IMAGES = YES;
				DEVELOPMENT_TEAM = "";
				FRAMEWORK_SEARCH_PATHS = (
					"$(inherited)",
					"$(PROJECT_DIR)/dependencies/mac",
					"$(PROJECT_DIR)/dependencies/mac/ogg/macosx",
					"$(PROJECT_DIR)/dependencies/mac/libvorbis-1.3.7/macosx",
					"$(PROJECT_DIR)/dependencies/mac/libogg/macosx",
					"$(PROJECT_DIR)/dependencies/mac/libvorbis/macosx",
					"$(PROJECT_DIR)/dependencies/mac/libtheora/macosx",
				);
				INFOPLIST_FILE = "$(SRCROOT)/dependencies/mac/Info.plist";
				LD_RUNPATH_SEARCH_PATHS = (
					"$(inherited)",
					"@executable_path/../Frameworks",
				);
				PRODUCT_BUNDLE_IDENTIFIER = "RSDKv3.Sonic-CD";
				PRODUCT_NAME = "$(TARGET_NAME)";
				PROVISIONING_PROFILE_SPECIFIER = "";
			};
			name = Debug;
		};
		C962193525898A9400B47AB3 /* Release */ = {
			isa = XCBuildConfiguration;
			buildSettings = {
				ASSETCATALOG_COMPILER_APPICON_NAME = AppIcon;
				CODE_SIGN_ENTITLEMENTS = "$(SRCROOT)/dependencies/mac/Sonic_CD.entitlements";
				CODE_SIGN_IDENTITY = "-";
				CODE_SIGN_STYLE = Automatic;
				COMBINE_HIDPI_IMAGES = YES;
				DEVELOPMENT_TEAM = "";
				FRAMEWORK_SEARCH_PATHS = (
					"$(inherited)",
					"$(PROJECT_DIR)/dependencies/mac",
					"$(PROJECT_DIR)/dependencies/mac/ogg/macosx",
					"$(PROJECT_DIR)/dependencies/mac/libvorbis-1.3.7/macosx",
					"$(PROJECT_DIR)/dependencies/mac/libogg/macosx",
					"$(PROJECT_DIR)/dependencies/mac/libvorbis/macosx",
					"$(PROJECT_DIR)/dependencies/mac/libtheora/macosx",
				);
				INFOPLIST_FILE = "$(SRCROOT)/dependencies/mac/Info.plist";
				LD_RUNPATH_SEARCH_PATHS = (
					"$(inherited)",
					"@executable_path/../Frameworks",
				);
				PRODUCT_BUNDLE_IDENTIFIER = "RSDKv3.Sonic-CD";
				PRODUCT_NAME = "$(TARGET_NAME)";
				PROVISIONING_PROFILE_SPECIFIER = "";
			};
			name = Release;
		};
/* End XCBuildConfiguration section */

/* Begin XCConfigurationList section */
		C962191425898A9300B47AB3 /* Build configuration list for PBXProject "RSDKv3" */ = {
			isa = XCConfigurationList;
			buildConfigurations = (
				C962193125898A9400B47AB3 /* Debug */,
				C962193225898A9400B47AB3 /* Release */,
			);
			defaultConfigurationIsVisible = 0;
			defaultConfigurationName = Release;
		};
		C962193325898A9400B47AB3 /* Build configuration list for PBXNativeTarget "RSDKv3" */ = {
			isa = XCConfigurationList;
			buildConfigurations = (
				C962193425898A9400B47AB3 /* Debug */,
				C962193525898A9400B47AB3 /* Release */,
			);
			defaultConfigurationIsVisible = 0;
			defaultConfigurationName = Release;
		};
/* End XCConfigurationList section */
	};
	rootObject = C962191125898A9300B47AB3 /* Project object */;
}
